
Microsoft Visual Studio Solution File, Format Version 12.00
# Visual Studio Version 17
Project("{2150E333-8FDC-42A3-9474-1A3956D46DE8}") = "CMakePredefinedTargets", "CMakePredefinedTargets", "{E0329A73-A6FC-3592-9818-4C3EE993A0FE}"
EndProject
Project("{2150E333-8FDC-42A3-9474-1A3956D46DE8}") = "External", "External", "{DF0ACF5D-0FE5-3326-AADC-9056EE0E6F80}"
EndProject
Project("{2150E333-8FDC-42A3-9474-1A3956D46DE8}") = "Internal", "Internal", "{7F1B4113-B92A-35F8-99B7-5270A31E132C}"
EndProject
Project("{2150E333-8FDC-42A3-9474-1A3956D46DE8}") = "Utils", "Utils", "{5DAFFF06-B3BA-37A3-A6B9-D33F57AE8A98}"
EndProject
Project("{8BC9CEB8-8B4A-11D0-8D11-00A0C91BC942}") = "ALL_BUILD", "ALL_BUILD.vcxproj", "{8635658A-0938-3914-AD88-F034B2D571C7}"
	ProjectSection(ProjectDependencies) = postProject
		{3BFEBB0B-631F-3235-9571-A99B4FFBE954} = {3BFEBB0B-631F-3235-9571-A99B4FFBE954}
		{FEDC1576-8A40-385B-BF6A-CF7277A4DBE7} = {FEDC1576-8A40-385B-BF6A-CF7277A4DBE7}
		{4A750D31-C41D-3957-912A-556F329919CA} = {4A750D31-C41D-3957-912A-556F329919CA}
		{441D4E7B-1296-3755-9231-193619E47EBD} = {441D4E7B-1296-3755-9231-193619E47EBD}
		{8C57598E-0EC0-36F0-B4A3-CB9637D0878C} = {8C57598E-0EC0-36F0-B4A3-CB9637D0878C}
		{B5050EDD-352E-3EE6-8488-4254FC054566} = {B5050EDD-352E-3EE6-8488-4254FC054566}
		{B1B91ACB-E1B3-3F47-9E9E-E5B299151D44} = {B1B91ACB-E1B3-3F47-9E9E-E5B299151D44}
		{166AEC0D-148C-3869-ABD3-0A46810854C9} = {166AEC0D-148C-3869-ABD3-0A46810854C9}
		{294C3593-4432-3EA6-BD3A-76A6CD80BC68} = {294C3593-4432-3EA6-BD3A-76A6CD80BC68}
		{28A8399B-1FFA-30CE-84C9-281DB0A9B793} = {28A8399B-1FFA-30CE-84C9-281DB0A9B793}
		{66845D91-C1FC-3867-8DB7-2AAD87105A78} = {66845D91-C1FC-3867-8DB7-2AAD87105A78}
		{4998207B-EE7D-3D14-86E5-35857F327787} = {4998207B-EE7D-3D14-86E5-35857F327787}
		{7FE02412-2CB9-3E0B-BBE3-5DBDA000F81D} = {7FE02412-2CB9-3E0B-BBE3-5DBDA000F81D}
		{429AE289-0ED1-3148-8066-537EF1F91DE2} = {429AE289-0ED1-3148-8066-537EF1F91DE2}
		{1BCB8B07-00CB-3EBA-9E09-244A2E566887} = {1BCB8B07-00CB-3EBA-9E09-244A2E566887}
	EndProjectSection
EndProject
Project("{8BC9CEB8-8B4A-11D0-8D11-00A0C91BC942}") = "SYNC_RESOURCE-SimpleGame", "SYNC_RESOURCE-SimpleGame.vcxproj", "{3BFEBB0B-631F-3235-9571-A99B4FFBE954}"
	ProjectSection(ProjectDependencies) = postProject
		{4A750D31-C41D-3957-912A-556F329919CA} = {4A750D31-C41D-3957-912A-556F329919CA}
	EndProjectSection
EndProject
Project("{8BC9CEB8-8B4A-11D0-8D11-00A0C91BC942}") = "SimpleGame", "SimpleGame.vcxproj", "{FEDC1576-8A40-385B-BF6A-CF7277A4DBE7}"
	ProjectSection(ProjectDependencies) = postProject
		{3BFEBB0B-631F-3235-9571-A99B4FFBE954} = {3BFEBB0B-631F-3235-9571-A99B4FFBE954}
		{4A750D31-C41D-3957-912A-556F329919CA} = {4A750D31-C41D-3957-912A-556F329919CA}
		{441D4E7B-1296-3755-9231-193619E47EBD} = {441D4E7B-1296-3755-9231-193619E47EBD}
		{8C57598E-0EC0-36F0-B4A3-CB9637D0878C} = {8C57598E-0EC0-36F0-B4A3-CB9637D0878C}
		{B5050EDD-352E-3EE6-8488-4254FC054566} = {B5050EDD-352E-3EE6-8488-4254FC054566}
		{B1B91ACB-E1B3-3F47-9E9E-E5B299151D44} = {B1B91ACB-E1B3-3F47-9E9E-E5B299151D44}
		{166AEC0D-148C-3869-ABD3-0A46810854C9} = {166AEC0D-148C-3869-ABD3-0A46810854C9}
		{294C3593-4432-3EA6-BD3A-76A6CD80BC68} = {294C3593-4432-3EA6-BD3A-76A6CD80BC68}
		{28A8399B-1FFA-30CE-84C9-281DB0A9B793} = {28A8399B-1FFA-30CE-84C9-281DB0A9B793}
		{66845D91-C1FC-3867-8DB7-2AAD87105A78} = {66845D91-C1FC-3867-8DB7-2AAD87105A78}
		{4998207B-EE7D-3D14-86E5-35857F327787} = {4998207B-EE7D-3D14-86E5-35857F327787}
		{7FE02412-2CB9-3E0B-BBE3-5DBDA000F81D} = {7FE02412-2CB9-3E0B-BBE3-5DBDA000F81D}
		{429AE289-0ED1-3148-8066-537EF1F91DE2} = {429AE289-0ED1-3148-8066-537EF1F91DE2}
		{1BCB8B07-00CB-3EBA-9E09-244A2E566887} = {1BCB8B07-00CB-3EBA-9E09-244A2E566887}
	EndProjectSection
EndProject
Project("{8BC9CEB8-8B4A-11D0-8D11-00A0C91BC942}") = "ZERO_CHECK", "ZERO_CHECK.vcxproj", "{4A750D31-C41D-3957-912A-556F329919CA}"
	ProjectSection(ProjectDependencies) = postProject
	EndProjectSection
EndProject
Project("{8BC9CEB8-8B4A-11D0-8D11-00A0C91BC942}") = "cocos2d", "engine\cocos\core\cocos2d.vcxproj", "{441D4E7B-1296-3755-9231-193619E47EBD}"
	ProjectSection(ProjectDependencies) = postProject
		{4A750D31-C41D-3957-912A-556F329919CA} = {4A750D31-C41D-3957-912A-556F329919CA}
		{8C57598E-0EC0-36F0-B4A3-CB9637D0878C} = {8C57598E-0EC0-36F0-B4A3-CB9637D0878C}
		{B5050EDD-352E-3EE6-8488-4254FC054566} = {B5050EDD-352E-3EE6-8488-4254FC054566}
		{B1B91ACB-E1B3-3F47-9E9E-E5B299151D44} = {B1B91ACB-E1B3-3F47-9E9E-E5B299151D44}
		{166AEC0D-148C-3869-ABD3-0A46810854C9} = {166AEC0D-148C-3869-ABD3-0A46810854C9}
		{294C3593-4432-3EA6-BD3A-76A6CD80BC68} = {294C3593-4432-3EA6-BD3A-76A6CD80BC68}
		{28A8399B-1FFA-30CE-84C9-281DB0A9B793} = {28A8399B-1FFA-30CE-84C9-281DB0A9B793}
		{66845D91-C1FC-3867-8DB7-2AAD87105A78} = {66845D91-C1FC-3867-8DB7-2AAD87105A78}
		{4998207B-EE7D-3D14-86E5-35857F327787} = {4998207B-EE7D-3D14-86E5-35857F327787}
		{7FE02412-2CB9-3E0B-BBE3-5DBDA000F81D} = {7FE02412-2CB9-3E0B-BBE3-5DBDA000F81D}
		{429AE289-0ED1-3148-8066-537EF1F91DE2} = {429AE289-0ED1-3148-8066-537EF1F91DE2}
		{1BCB8B07-00CB-3EBA-9E09-244A2E566887} = {1BCB8B07-00CB-3EBA-9E09-244A2E566887}
	EndProjectSection
EndProject
Project("{8BC9CEB8-8B4A-11D0-8D11-00A0C91BC942}") = "ext_clipper", "engine\external\clipper\ext_clipper.vcxproj", "{8C57598E-0EC0-36F0-B4A3-CB9637D0878C}"
	ProjectSection(ProjectDependencies) = postProject
		{4A750D31-C41D-3957-912A-556F329919CA} = {4A750D31-C41D-3957-912A-556F329919CA}
	EndProjectSection
EndProject
Project("{8BC9CEB8-8B4A-11D0-8D11-00A0C91BC942}") = "ext_convertUTF", "engine\external\ConvertUTF\ext_convertUTF.vcxproj", "{B5050EDD-352E-3EE6-8488-4254FC054566}"
	ProjectSection(ProjectDependencies) = postProject
		{4A750D31-C41D-3957-912A-556F329919CA} = {4A750D31-C41D-3957-912A-556F329919CA}
	EndProjectSection
EndProject
Project("{8BC9CEB8-8B4A-11D0-8D11-00A0C91BC942}") = "ext_edtaa3func", "engine\external\edtaa3func\ext_edtaa3func.vcxproj", "{B1B91ACB-E1B3-3F47-9E9E-E5B299151D44}"
	ProjectSection(ProjectDependencies) = postProject
		{4A750D31-C41D-3957-912A-556F329919CA} = {4A750D31-C41D-3957-912A-556F329919CA}
	EndProjectSection
EndProject
Project("{8BC9CEB8-8B4A-11D0-8D11-00A0C91BC942}") = "ext_md5", "engine\external\md5\ext_md5.vcxproj", "{166AEC0D-148C-3869-ABD3-0A46810854C9}"
	ProjectSection(ProjectDependencies) = postProject
		{4A750D31-C41D-3957-912A-556F329919CA} = {4A750D31-C41D-3957-912A-556F329919CA}
	EndProjectSection
EndProject
Project("{8BC9CEB8-8B4A-11D0-8D11-00A0C91BC942}") = "ext_poly2tri", "engine\external\poly2tri\ext_poly2tri.vcxproj", "{294C3593-4432-3EA6-BD3A-76A6CD80BC68}"
	ProjectSection(ProjectDependencies) = postProject
		{4A750D31-C41D-3957-912A-556F329919CA} = {4A750D31-C41D-3957-912A-556F329919CA}
	EndProjectSection
EndProject
Project("{8BC9CEB8-8B4A-11D0-8D11-00A0C91BC942}") = "ext_recast", "engine\external\recast\ext_recast.vcxproj", "{28A8399B-1FFA-30CE-84C9-281DB0A9B793}"
	ProjectSection(ProjectDependencies) = postProject
		{4A750D31-C41D-3957-912A-556F329919CA} = {4A750D31-C41D-3957-912A-556F329919CA}
	EndProjectSection
EndProject
Project("{8BC9CEB8-8B4A-11D0-8D11-00A0C91BC942}") = "ext_tinyxml2", "engine\external\tinyxml2\ext_tinyxml2.vcxproj", "{66845D91-C1FC-3867-8DB7-2AAD87105A78}"
	ProjectSection(ProjectDependencies) = postProject
		{4A750D31-C41D-3957-912A-556F329919CA} = {4A750D31-C41D-3957-912A-556F329919CA}
	EndProjectSection
EndProject
Project("{8BC9CEB8-8B4A-11D0-8D11-00A0C91BC942}") = "ext_unzip", "engine\external\unzip\ext_unzip.vcxproj", "{4998207B-EE7D-3D14-86E5-35857F327787}"
	ProjectSection(ProjectDependencies) = postProject
		{4A750D31-C41D-3957-912A-556F329919CA} = {4A750D31-C41D-3957-912A-556F329919CA}
	EndProjectSection
EndProject
Project("{8BC9CEB8-8B4A-11D0-8D11-00A0C91BC942}") = "ext_xxhash", "engine\external\xxhash\ext_xxhash.vcxproj", "{7FE02412-2CB9-3E0B-BBE3-5DBDA000F81D}"
	ProjectSection(ProjectDependencies) = postProject
		{4A750D31-C41D-3957-912A-556F329919CA} = {4A750D31-C41D-3957-912A-556F329919CA}
	EndProjectSection
EndProject
Project("{8BC9CEB8-8B4A-11D0-8D11-00A0C91BC942}") = "ext_xxtea", "engine\external\xxtea\ext_xxtea.vcxproj", "{429AE289-0ED1-3148-8066-537EF1F91DE2}"
	ProjectSection(ProjectDependencies) = postProject
		{4A750D31-C41D-3957-912A-556F329919CA} = {4A750D31-C41D-3957-912A-556F329919CA}
	EndProjectSection
EndProject
Project("{8BC9CEB8-8B4A-11D0-8D11-00A0C91BC942}") = "external", "engine\external\external.vcxproj", "{1BCB8B07-00CB-3EBA-9E09-244A2E566887}"
	ProjectSection(ProjectDependencies) = postProject
		{4A750D31-C41D-3957-912A-556F329919CA} = {4A750D31-C41D-3957-912A-556F329919CA}
		{8C57598E-0EC0-36F0-B4A3-CB9637D0878C} = {8C57598E-0EC0-36F0-B4A3-CB9637D0878C}
		{B5050EDD-352E-3EE6-8488-4254FC054566} = {B5050EDD-352E-3EE6-8488-4254FC054566}
		{B1B91ACB-E1B3-3F47-9E9E-E5B299151D44} = {B1B91ACB-E1B3-3F47-9E9E-E5B299151D44}
		{166AEC0D-148C-3869-ABD3-0A46810854C9} = {166AEC0D-148C-3869-ABD3-0A46810854C9}
		{294C3593-4432-3EA6-BD3A-76A6CD80BC68} = {294C3593-4432-3EA6-BD3A-76A6CD80BC68}
		{28A8399B-1FFA-30CE-84C9-281DB0A9B793} = {28A8399B-1FFA-30CE-84C9-281DB0A9B793}
		{66845D91-C1FC-3867-8DB7-2AAD87105A78} = {66845D91-C1FC-3867-8DB7-2AAD87105A78}
		{4998207B-EE7D-3D14-86E5-35857F327787} = {4998207B-EE7D-3D14-86E5-35857F327787}
		{7FE02412-2CB9-3E0B-BBE3-5DBDA000F81D} = {7FE02412-2CB9-3E0B-BBE3-5DBDA000F81D}
		{429AE289-0ED1-3148-8066-537EF1F91DE2} = {429AE289-0ED1-3148-8066-537EF1F91DE2}
	EndProjectSection
EndProject
Global
	GlobalSection(SolutionConfigurationPlatforms) = preSolution
		Debug|Win32 = Debug|Win32
		Release|Win32 = Release|Win32
		MinSizeRel|Win32 = MinSizeRel|Win32
		RelWithDebInfo|Win32 = RelWithDebInfo|Win32
	EndGlobalSection
	GlobalSection(ProjectConfigurationPlatforms) = postSolution
		{8635658A-0938-3914-AD88-F034B2D571C7}.Debug|Win32.ActiveCfg = Debug|Win32
		{8635658A-0938-3914-AD88-F034B2D571C7}.Release|Win32.ActiveCfg = Release|Win32
		{8635658A-0938-3914-AD88-F034B2D571C7}.MinSizeRel|Win32.ActiveCfg = MinSizeRel|Win32
		{8635658A-0938-3914-AD88-F034B2D571C7}.RelWithDebInfo|Win32.ActiveCfg = RelWithDebInfo|Win32
		{3BFEBB0B-631F-3235-9571-A99B4FFBE954}.Debug|Win32.ActiveCfg = Debug|Win32
		{3BFEBB0B-631F-3235-9571-A99B4FFBE954}.Debug|Win32.Build.0 = Debug|Win32
		{3BFEBB0B-631F-3235-9571-A99B4FFBE954}.Release|Win32.ActiveCfg = Release|Win32
		{3BFEBB0B-631F-3235-9571-A99B4FFBE954}.Release|Win32.Build.0 = Release|Win32
		{3BFEBB0B-631F-3235-9571-A99B4FFBE954}.MinSizeRel|Win32.ActiveCfg = MinSizeRel|Win32
		{3BFEBB0B-631F-3235-9571-A99B4FFBE954}.MinSizeRel|Win32.Build.0 = MinSizeRel|Win32
		{3BFEBB0B-631F-3235-9571-A99B4FFBE954}.RelWithDebInfo|Win32.ActiveCfg = RelWithDebInfo|Win32
		{3BFEBB0B-631F-3235-9571-A99B4FFBE954}.RelWithDebInfo|Win32.Build.0 = RelWithDebInfo|Win32
		{FEDC1576-8A40-385B-BF6A-CF7277A4DBE7}.Debug|Win32.ActiveCfg = Debug|Win32
		{FEDC1576-8A40-385B-BF6A-CF7277A4DBE7}.Debug|Win32.Build.0 = Debug|Win32
		{FEDC1576-8A40-385B-BF6A-CF7277A4DBE7}.Release|Win32.ActiveCfg = Release|Win32
		{FEDC1576-8A40-385B-BF6A-CF7277A4DBE7}.Release|Win32.Build.0 = Release|Win32
		{FEDC1576-8A40-385B-BF6A-CF7277A4DBE7}.MinSizeRel|Win32.ActiveCfg = MinSizeRel|Win32
		{FEDC1576-8A40-385B-BF6A-CF7277A4DBE7}.MinSizeRel|Win32.Build.0 = MinSizeRel|Win32
		{FEDC1576-8A40-385B-BF6A-CF7277A4DBE7}.RelWithDebInfo|Win32.ActiveCfg = RelWithDebInfo|Win32
		{FEDC1576-8A40-385B-BF6A-CF7277A4DBE7}.RelWithDebInfo|Win32.Build.0 = RelWithDebInfo|Win32
		{4A750D31-C41D-3957-912A-556F329919CA}.Debug|Win32.ActiveCfg = Debug|Win32
		{4A750D31-C41D-3957-912A-556F329919CA}.Debug|Win32.Build.0 = Debug|Win32
		{4A750D31-C41D-3957-912A-556F329919CA}.Release|Win32.ActiveCfg = Release|Win32
		{4A750D31-C41D-3957-912A-556F329919CA}.Release|Win32.Build.0 = Release|Win32
		{4A750D31-C41D-3957-912A-556F329919CA}.MinSizeRel|Win32.ActiveCfg = MinSizeRel|Win32
		{4A750D31-C41D-3957-912A-556F329919CA}.MinSizeRel|Win32.Build.0 = MinSizeRel|Win32
		{4A750D31-C41D-3957-912A-556F329919CA}.RelWithDebInfo|Win32.ActiveCfg = RelWithDebInfo|Win32
		{4A750D31-C41D-3957-912A-556F329919CA}.RelWithDebInfo|Win32.Build.0 = RelWithDebInfo|Win32
		{441D4E7B-1296-3755-9231-193619E47EBD}.Debug|Win32.ActiveCfg = Debug|Win32
		{441D4E7B-1296-3755-9231-193619E47EBD}.Debug|Win32.Build.0 = Debug|Win32
		{441D4E7B-1296-3755-9231-193619E47EBD}.Release|Win32.ActiveCfg = Release|Win32
		{441D4E7B-1296-3755-9231-193619E47EBD}.Release|Win32.Build.0 = Release|Win32
		{441D4E7B-1296-3755-9231-193619E47EBD}.MinSizeRel|Win32.ActiveCfg = MinSizeRel|Win32
		{441D4E7B-1296-3755-9231-193619E47EBD}.MinSizeRel|Win32.Build.0 = MinSizeRel|Win32
		{441D4E7B-1296-3755-9231-193619E47EBD}.RelWithDebInfo|Win32.ActiveCfg = RelWithDebInfo|Win32
		{441D4E7B-1296-3755-9231-193619E47EBD}.RelWithDebInfo|Win32.Build.0 = RelWithDebInfo|Win32
		{8C57598E-0EC0-36F0-B4A3-CB9637D0878C}.Debug|Win32.ActiveCfg = Debug|Win32
		{8C57598E-0EC0-36F0-B4A3-CB9637D0878C}.Debug|Win32.Build.0 = Debug|Win32
		{8C57598E-0EC0-36F0-B4A3-CB9637D0878C}.Release|Win32.ActiveCfg = Release|Win32
		{8C57598E-0EC0-36F0-B4A3-CB9637D0878C}.Release|Win32.Build.0 = Release|Win32
		{8C57598E-0EC0-36F0-B4A3-CB9637D0878C}.MinSizeRel|Win32.ActiveCfg = MinSizeRel|Win32
		{8C57598E-0EC0-36F0-B4A3-CB9637D0878C}.MinSizeRel|Win32.Build.0 = MinSizeRel|Win32
		{8C57598E-0EC0-36F0-B4A3-CB9637D0878C}.RelWithDebInfo|Win32.ActiveCfg = RelWithDebInfo|Win32
		{8C57598E-0EC0-36F0-B4A3-CB9637D0878C}.RelWithDebInfo|Win32.Build.0 = RelWithDebInfo|Win32
		{B5050EDD-352E-3EE6-8488-4254FC054566}.Debug|Win32.ActiveCfg = Debug|Win32
		{B5050EDD-352E-3EE6-8488-4254FC054566}.Debug|Win32.Build.0 = Debug|Win32
		{B5050EDD-352E-3EE6-8488-4254FC054566}.Release|Win32.ActiveCfg = Release|Win32
		{B5050EDD-352E-3EE6-8488-4254FC054566}.Release|Win32.Build.0 = Release|Win32
		{B5050EDD-352E-3EE6-8488-4254FC054566}.MinSizeRel|Win32.ActiveCfg = MinSizeRel|Win32
		{B5050EDD-352E-3EE6-8488-4254FC054566}.MinSizeRel|Win32.Build.0 = MinSizeRel|Win32
		{B5050EDD-352E-3EE6-8488-4254FC054566}.RelWithDebInfo|Win32.ActiveCfg = RelWithDebInfo|Win32
		{B5050EDD-352E-3EE6-8488-4254FC054566}.RelWithDebInfo|Win32.Build.0 = RelWithDebInfo|Win32
		{B1B91ACB-E1B3-3F47-9E9E-E5B299151D44}.Debug|Win32.ActiveCfg = Debug|Win32
		{B1B91ACB-E1B3-3F47-9E9E-E5B299151D44}.Debug|Win32.Build.0 = Debug|Win32
		{B1B91ACB-E1B3-3F47-9E9E-E5B299151D44}.Release|Win32.ActiveCfg = Release|Win32
		{B1B91ACB-E1B3-3F47-9E9E-E5B299151D44}.Release|Win32.Build.0 = Release|Win32
		{B1B91ACB-E1B3-3F47-9E9E-E5B299151D44}.MinSizeRel|Win32.ActiveCfg = MinSizeRel|Win32
		{B1B91ACB-E1B3-3F47-9E9E-E5B299151D44}.MinSizeRel|Win32.Build.0 = MinSizeRel|Win32
		{B1B91ACB-E1B3-3F47-9E9E-E5B299151D44}.RelWithDebInfo|Win32.ActiveCfg = RelWithDebInfo|Win32
		{B1B91ACB-E1B3-3F47-9E9E-E5B299151D44}.RelWithDebInfo|Win32.Build.0 = RelWithDebInfo|Win32
		{166AEC0D-148C-3869-ABD3-0A46810854C9}.Debug|Win32.ActiveCfg = Debug|Win32
		{166AEC0D-148C-3869-ABD3-0A46810854C9}.Debug|Win32.Build.0 = Debug|Win32
		{166AEC0D-148C-3869-ABD3-0A46810854C9}.Release|Win32.ActiveCfg = Release|Win32
		{166AEC0D-148C-3869-ABD3-0A46810854C9}.Release|Win32.Build.0 = Release|Win32
		{166AEC0D-148C-3869-ABD3-0A46810854C9}.MinSizeRel|Win32.ActiveCfg = MinSizeRel|Win32
		{166AEC0D-148C-3869-ABD3-0A46810854C9}.MinSizeRel|Win32.Build.0 = MinSizeRel|Win32
		{166AEC0D-148C-3869-ABD3-0A46810854C9}.RelWithDebInfo|Win32.ActiveCfg = RelWithDebInfo|Win32
		{166AEC0D-148C-3869-ABD3-0A46810854C9}.RelWithDebInfo|Win32.Build.0 = RelWithDebInfo|Win32
		{294C3593-4432-3EA6-BD3A-76A6CD80BC68}.Debug|Win32.ActiveCfg = Debug|Win32
		{294C3593-4432-3EA6-BD3A-76A6CD80BC68}.Debug|Win32.Build.0 = Debug|Win32
		{294C3593-4432-3EA6-BD3A-76A6CD80BC68}.Release|Win32.ActiveCfg = Release|Win32
		{294C3593-4432-3EA6-BD3A-76A6CD80BC68}.Release|Win32.Build.0 = Release|Win32
		{294C3593-4432-3EA6-BD3A-76A6CD80BC68}.MinSizeRel|Win32.ActiveCfg = MinSizeRel|Win32
		{294C3593-4432-3EA6-BD3A-76A6CD80BC68}.MinSizeRel|Win32.Build.0 = MinSizeRel|Win32
		{294C3593-4432-3EA6-BD3A-76A6CD80BC68}.RelWithDebInfo|Win32.ActiveCfg = RelWithDebInfo|Win32
		{294C3593-4432-3EA6-BD3A-76A6CD80BC68}.RelWithDebInfo|Win32.Build.0 = RelWithDebInfo|Win32
		{28A8399B-1FFA-30CE-84C9-281DB0A9B793}.Debug|Win32.ActiveCfg = Debug|Win32
		{28A8399B-1FFA-30CE-84C9-281DB0A9B793}.Debug|Win32.Build.0 = Debug|Win32
		{28A8399B-1FFA-30CE-84C9-281DB0A9B793}.Release|Win32.ActiveCfg = Release|Win32
		{28A8399B-1FFA-30CE-84C9-281DB0A9B793}.Release|Win32.Build.0 = Release|Win32
		{28A8399B-1FFA-30CE-84C9-281DB0A9B793}.MinSizeRel|Win32.ActiveCfg = MinSizeRel|Win32
		{28A8399B-1FFA-30CE-84C9-281DB0A9B793}.MinSizeRel|Win32.Build.0 = MinSizeRel|Win32
		{28A8399B-1FFA-30CE-84C9-281DB0A9B793}.RelWithDebInfo|Win32.ActiveCfg = RelWithDebInfo|Win32
		{28A8399B-1FFA-30CE-84C9-281DB0A9B793}.RelWithDebInfo|Win32.Build.0 = RelWithDebInfo|Win32
		{66845D91-C1FC-3867-8DB7-2AAD87105A78}.Debug|Win32.ActiveCfg = Debug|Win32
		{66845D91-C1FC-3867-8DB7-2AAD87105A78}.Debug|Win32.Build.0 = Debug|Win32
		{66845D91-C1FC-3867-8DB7-2AAD87105A78}.Release|Win32.ActiveCfg = Release|Win32
		{66845D91-C1FC-3867-8DB7-2AAD87105A78}.Release|Win32.Build.0 = Release|Win32
		{66845D91-C1FC-3867-8DB7-2AAD87105A78}.MinSizeRel|Win32.ActiveCfg = MinSizeRel|Win32
		{66845D91-C1FC-3867-8DB7-2AAD87105A78}.MinSizeRel|Win32.Build.0 = MinSizeRel|Win32
		{66845D91-C1FC-3867-8DB7-2AAD87105A78}.RelWithDebInfo|Win32.ActiveCfg = RelWithDebInfo|Win32
		{66845D91-C1FC-3867-8DB7-2AAD87105A78}.RelWithDebInfo|Win32.Build.0 = RelWithDebInfo|Win32
		{4998207B-EE7D-3D14-86E5-35857F327787}.Debug|Win32.ActiveCfg = Debug|Win32
		{4998207B-EE7D-3D14-86E5-35857F327787}.Debug|Win32.Build.0 = Debug|Win32
		{4998207B-EE7D-3D14-86E5-35857F327787}.Release|Win32.ActiveCfg = Release|Win32
		{4998207B-EE7D-3D14-86E5-35857F327787}.Release|Win32.Build.0 = Release|Win32
		{4998207B-EE7D-3D14-86E5-35857F327787}.MinSizeRel|Win32.ActiveCfg = MinSizeRel|Win32
		{4998207B-EE7D-3D14-86E5-35857F327787}.MinSizeRel|Win32.Build.0 = MinSizeRel|Win32
		{4998207B-EE7D-3D14-86E5-35857F327787}.RelWithDebInfo|Win32.ActiveCfg = RelWithDebInfo|Win32
		{4998207B-EE7D-3D14-86E5-35857F327787}.RelWithDebInfo|Win32.Build.0 = RelWithDebInfo|Win32
		{7FE02412-2CB9-3E0B-BBE3-5DBDA000F81D}.Debug|Win32.ActiveCfg = Debug|Win32
		{7FE02412-2CB9-3E0B-BBE3-5DBDA000F81D}.Debug|Win32.Build.0 = Debug|Win32
		{7FE02412-2CB9-3E0B-BBE3-5DBDA000F81D}.Release|Win32.ActiveCfg = Release|Win32
		{7FE02412-2CB9-3E0B-BBE3-5DBDA000F81D}.Release|Win32.Build.0 = Release|Win32
		{7FE02412-2CB9-3E0B-BBE3-5DBDA000F81D}.MinSizeRel|Win32.ActiveCfg = MinSizeRel|Win32
		{7FE02412-2CB9-3E0B-BBE3-5DBDA000F81D}.MinSizeRel|Win32.Build.0 = MinSizeRel|Win32
		{7FE02412-2CB9-3E0B-BBE3-5DBDA000F81D}.RelWithDebInfo|Win32.ActiveCfg = RelWithDebInfo|Win32
		{7FE02412-2CB9-3E0B-BBE3-5DBDA000F81D}.RelWithDebInfo|Win32.Build.0 = RelWithDebInfo|Win32
		{429AE289-0ED1-3148-8066-537EF1F91DE2}.Debug|Win32.ActiveCfg = Debug|Win32
		{429AE289-0ED1-3148-8066-537EF1F91DE2}.Debug|Win32.Build.0 = Debug|Win32
		{429AE289-0ED1-3148-8066-537EF1F91DE2}.Release|Win32.ActiveCfg = Release|Win32
		{429AE289-0ED1-3148-8066-537EF1F91DE2}.Release|Win32.Build.0 = Release|Win32
		{429AE289-0ED1-3148-8066-537EF1F91DE2}.MinSizeRel|Win32.ActiveCfg = MinSizeRel|Win32
		{429AE289-0ED1-3148-8066-537EF1F91DE2}.MinSizeRel|Win32.Build.0 = MinSizeRel|Win32
		{429AE289-0ED1-3148-8066-537EF1F91DE2}.RelWithDebInfo|Win32.ActiveCfg = RelWithDebInfo|Win32
		{429AE289-0ED1-3148-8066-537EF1F91DE2}.RelWithDebInfo|Win32.Build.0 = RelWithDebInfo|Win32
		{1BCB8B07-00CB-3EBA-9E09-244A2E566887}.Debug|Win32.ActiveCfg = Debug|Win32
		{1BCB8B07-00CB-3EBA-9E09-244A2E566887}.Debug|Win32.Build.0 = Debug|Win32
		{1BCB8B07-00CB-3EBA-9E09-244A2E566887}.Release|Win32.ActiveCfg = Release|Win32
		{1BCB8B07-00CB-3EBA-9E09-244A2E566887}.Release|Win32.Build.0 = Release|Win32
		{1BCB8B07-00CB-3EBA-9E09-244A2E566887}.MinSizeRel|Win32.ActiveCfg = MinSizeRel|Win32
		{1BCB8B07-00CB-3EBA-9E09-244A2E566887}.MinSizeRel|Win32.Build.0 = MinSizeRel|Win32
		{1BCB8B07-00CB-3EBA-9E09-244A2E566887}.RelWithDebInfo|Win32.ActiveCfg = RelWithDebInfo|Win32
		{1BCB8B07-00CB-3EBA-9E09-244A2E566887}.RelWithDebInfo|Win32.Build.0 = RelWithDebInfo|Win32
	EndGlobalSection
	GlobalSection(NestedProjects) = preSolution
		{8635658A-0938-3914-AD88-F034B2D571C7} = {E0329A73-A6FC-3592-9818-4C3EE993A0FE}
		{4A750D31-C41D-3957-912A-556F329919CA} = {E0329A73-A6FC-3592-9818-4C3EE993A0FE}
		{8C57598E-0EC0-36F0-B4A3-CB9637D0878C} = {DF0ACF5D-0FE5-3326-AADC-9056EE0E6F80}
		{B5050EDD-352E-3EE6-8488-4254FC054566} = {DF0ACF5D-0FE5-3326-AADC-9056EE0E6F80}
		{B1B91ACB-E1B3-3F47-9E9E-E5B299151D44} = {DF0ACF5D-0FE5-3326-AADC-9056EE0E6F80}
		{166AEC0D-148C-3869-ABD3-0A46810854C9} = {DF0ACF5D-0FE5-3326-AADC-9056EE0E6F80}
		{294C3593-4432-3EA6-BD3A-76A6CD80BC68} = {DF0ACF5D-0FE5-3326-AADC-9056EE0E6F80}
		{28A8399B-1FFA-30CE-84C9-281DB0A9B793} = {DF0ACF5D-0FE5-3326-AADC-9056EE0E6F80}
		{66845D91-C1FC-3867-8DB7-2AAD87105A78} = {DF0ACF5D-0FE5-3326-AADC-9056EE0E6F80}
		{4998207B-EE7D-3D14-86E5-35857F327787} = {DF0ACF5D-0FE5-3326-AADC-9056EE0E6F80}
		{7FE02412-2CB9-3E0B-BBE3-5DBDA000F81D} = {DF0ACF5D-0FE5-3326-AADC-9056EE0E6F80}
		{429AE289-0ED1-3148-8066-537EF1F91DE2} = {DF0ACF5D-0FE5-3326-AADC-9056EE0E6F80}
		{1BCB8B07-00CB-3EBA-9E09-244A2E566887} = {DF0ACF5D-0FE5-3326-AADC-9056EE0E6F80}
		{441D4E7B-1296-3755-9231-193619E47EBD} = {7F1B4113-B92A-35F8-99B7-5270A31E132C}
		{3BFEBB0B-631F-3235-9571-A99B4FFBE954} = {5DAFFF06-B3BA-37A3-A6B9-D33F57AE8A98}
	EndGlobalSection
	GlobalSection(ExtensibilityGlobals) = postSolution
		SolutionGuid = {DC2A235C-0F35-3053-82F6-E5FBE2601466}
	EndGlobalSection
	GlobalSection(ExtensibilityAddIns) = postSolution
	EndGlobalSection
EndGlobal
