<?xml version="1.0" encoding="utf-8"?>
<Project ToolsVersion="17.0" xmlns="http://schemas.microsoft.com/developer/msbuild/2003">
  <ItemGroup>
    <ClCompile Include="C:\Users\pbang\SimpleGame\SimpleGame\SimpleGame\Classes\AppDelegate.cpp">
      <Filter>Source Files\Classes</Filter>
    </ClCompile>
    <ClCompile Include="C:\Users\pbang\SimpleGame\SimpleGame\SimpleGame\Classes\HelloWorldScene.cpp">
      <Filter>Source Files\Classes</Filter>
    </ClCompile>
    <ClCompile Include="C:\Users\pbang\SimpleGame\SimpleGame\SimpleGame\proj.win32\main.cpp">
      <Filter>Source Files\proj.win32</Filter>
    </ClCompile>
    <ClCompile Include="C:\Users\pbang\SimpleGame\SimpleGame\SimpleGame\cocos2d\cocos\precheader.cpp">
      <Filter>Source Files</Filter>
    </ClCompile>
  </ItemGroup>
  <ItemGroup>
    <ClInclude Include="C:\Users\pbang\SimpleGame\SimpleGame\SimpleGame\Classes\AppDelegate.h">
      <Filter>Source Files\Classes</Filter>
    </ClInclude>
    <ClInclude Include="C:\Users\pbang\SimpleGame\SimpleGame\SimpleGame\Classes\HelloWorldScene.h">
      <Filter>Source Files\Classes</Filter>
    </ClInclude>
    <ClInclude Include="C:\Users\pbang\SimpleGame\SimpleGame\SimpleGame\proj.win32\main.h">
      <Filter>Source Files\proj.win32</Filter>
    </ClInclude>
    <ClInclude Include="C:\Users\pbang\SimpleGame\SimpleGame\SimpleGame\proj.win32\resource.h">
      <Filter>Source Files\proj.win32</Filter>
    </ClInclude>
    <ClInclude Include="C:\Users\pbang\SimpleGame\SimpleGame\SimpleGame\Resources\CloseNormal.png">
      <Filter>Resources</Filter>
    </ClInclude>
    <ClInclude Include="C:\Users\pbang\SimpleGame\SimpleGame\SimpleGame\Resources\CloseSelected.png">
      <Filter>Resources</Filter>
    </ClInclude>
    <ClInclude Include="C:\Users\pbang\SimpleGame\SimpleGame\SimpleGame\Resources\HelloWorld.png">
      <Filter>Resources</Filter>
    </ClInclude>
    <ClInclude Include="C:\Users\pbang\SimpleGame\SimpleGame\SimpleGame\Resources\fonts\Marker Felt.ttf">
      <Filter>Resources\fonts</Filter>
    </ClInclude>
    <ClInclude Include="C:\Users\pbang\SimpleGame\SimpleGame\SimpleGame\Resources\fonts\arial.ttf">
      <Filter>Resources\fonts</Filter>
    </ClInclude>
    <ClInclude Include="C:\Users\pbang\SimpleGame\SimpleGame\SimpleGame\Resources\res\.gitkeep">
      <Filter>Resources\res</Filter>
    </ClInclude>
  </ItemGroup>
  <ItemGroup>
    <CustomBuild Include="C:\Users\pbang\SimpleGame\SimpleGame\SimpleGame\CMakeLists.txt" />
  </ItemGroup>
  <ItemGroup>
    <ResourceCompile Include="C:\Users\pbang\SimpleGame\SimpleGame\SimpleGame\proj.win32\game.rc">
      <Filter>Source Files\proj.win32</Filter>
    </ResourceCompile>
  </ItemGroup>
  <ItemGroup>
    <Filter Include="Resources">
      <UniqueIdentifier>{F4F427B3-E70B-3D28-834F-78C80F78031E}</UniqueIdentifier>
    </Filter>
    <Filter Include="Resources\fonts">
      <UniqueIdentifier>{9CCE1FE9-0CC3-3443-B7B6-2D9A1414C7FD}</UniqueIdentifier>
    </Filter>
    <Filter Include="Resources\res">
      <UniqueIdentifier>{C1C9D4DF-20AE-35F7-AA49-1797FF790890}</UniqueIdentifier>
    </Filter>
    <Filter Include="Source Files">
      <UniqueIdentifier>{8AB4EA00-2720-3817-A961-F43DB28A75EF}</UniqueIdentifier>
    </Filter>
    <Filter Include="Source Files\Classes">
      <UniqueIdentifier>{872BEE61-501D-3BBA-BD5B-DC62234930C5}</UniqueIdentifier>
    </Filter>
    <Filter Include="Source Files\proj.win32">
      <UniqueIdentifier>{6B4A67C2-3C9C-3701-88B1-B46D7BC43C2B}</UniqueIdentifier>
    </Filter>
  </ItemGroup>
</Project>
